{
  "name": "beautylife",
  "version": "1.0.0",
  "lockfileVersion": 1,
  "requires": true,
  "dependencies": {
    "@babel/runtime": {
      "version": "7.8.7",
      "resolved": "https://npm-registry.llsengineer.com/@babel%2fruntime/-/runtime-7.8.7.tgz",
      "integrity": "sha1-j+/OmALbVIgbpZ+Quyhxm0mWMk0=",
      "requires": {
        "regenerator-runtime": "^0.13.4"
      }
    },
    "@spritejs/core": {
      "version": "2.31.10",
      "resolved": "https://npm-registry.llsengineer.com/@spritejs%2fcore/-/core-2.31.10.tgz",
      "integrity": "sha1-55gTbB8mdem1bhLs7DIi9TEa5YY=",
      "requires": {
        "@babel/runtime": "^7.2.0",
        "color-string": "^1.5.3",
        "css-line-break": "^1.0.1",
        "css-select": "^2.1.0",
        "sprite-animator": "^1.11.4",
        "sprite-flex-layout": "^1.0.7",
        "sprite-math": "^1.0.5",
        "svg-path-to-canvas": "^1.11.3"
      }
    },
    "@spritejs/wxapp": {
      "version": "1.11.9",
      "resolved": "https://npm-registry.llsengineer.com/@spritejs%2fwxapp/-/wxapp-1.11.9.tgz",
      "integrity": "sha1-zjYRrDHelG8ZExwycIBjKIb4+Rs=",
      "requires": {
        "@spritejs/core": "^2.31.4"
      }
    },
    "abs-svg-path": {
      "version": "0.1.1",
      "resolved": "https://npm-registry.llsengineer.com/abs-svg-path/-/abs-svg-path-0.1.1.tgz",
      "integrity": "sha1-32Acjo0roQ1KdtYl4japo5wnI78="
    },
    "babel-runtime": {
      "version": "6.26.0",
      "resolved": "https://npm-registry.llsengineer.com/babel-runtime/-/babel-runtime-6.26.0.tgz",
      "integrity": "sha1-llxwWGaOgrVde/4E/yM3vItWR/4=",
      "requires": {
        "core-js": "^2.4.0",
        "regenerator-runtime": "^0.11.0"
      },
      "dependencies": {
        "regenerator-runtime": {
          "version": "0.11.1",
          "resolved": "https://npm-registry.llsengineer.com/regenerator-runtime/-/regenerator-runtime-0.11.1.tgz",
          "integrity": "sha1-vgWtf5v30i4Fb5cmzuUBf78Z4uk="
        }
      }
    },
    "base64-arraybuffer": {
      "version": "0.2.0",
      "resolved": "https://npm-registry.llsengineer.com/base64-arraybuffer/-/base64-arraybuffer-0.2.0.tgz",
      "integrity": "sha1-S5RPrAGRqlkHr+LYyZnMxXzoD0U="
    },
    "bezier-easing": {
      "version": "2.1.0",
      "resolved": "https://npm-registry.llsengineer.com/bezier-easing/-/bezier-easing-2.1.0.tgz",
      "integrity": "sha1-wE3+i5JtbsrKGBPWn/F5t8ICXYY="
    },
    "boolbase": {
      "version": "1.0.0",
      "resolved": "https://npm-registry.llsengineer.com/boolbase/-/boolbase-1.0.0.tgz",
      "integrity": "sha1-aN/1++YMUes3cl6p4+0xDcwed24="
    },
    "color-name": {
      "version": "1.1.4",
      "resolved": "https://npm-registry.llsengineer.com/color-name/-/color-name-1.1.4.tgz",
      "integrity": "sha1-wqCah6y95pVD3m9j+jmVyCbFNqI="
    },
    "color-string": {
      "version": "1.5.3",
      "resolved": "https://npm-registry.llsengineer.com/color-string/-/color-string-1.5.3.tgz",
      "integrity": "sha1-ybvF8BtYtUkvPWhXRZy2WQziBMw=",
      "requires": {
        "color-name": "^1.0.0",
        "simple-swizzle": "^0.2.2"
      }
    },
    "core-js": {
      "version": "2.6.11",
      "resolved": "https://npm-registry.llsengineer.com/core-js/-/core-js-2.6.11.tgz",
      "integrity": "sha1-OIMUafmSK97Y7iHJ3EaYXgOZMIw="
    },
    "css-line-break": {
      "version": "1.1.1",
      "resolved": "https://npm-registry.llsengineer.com/css-line-break/-/css-line-break-1.1.1.tgz",
      "integrity": "sha1-1em90peEAJnrBQPHMQ/TSSegJu8=",
      "requires": {
        "base64-arraybuffer": "^0.2.0"
      }
    },
    "css-select": {
      "version": "2.1.0",
      "resolved": "https://npm-registry.llsengineer.com/css-select/-/css-select-2.1.0.tgz",
      "integrity": "sha1-ajRlM1ZjWTSoG6ymjQJVQyEF2+8=",
      "requires": {
        "boolbase": "^1.0.0",
        "css-what": "^3.2.1",
        "domutils": "^1.7.0",
        "nth-check": "^1.0.2"
      }
    },
    "css-what": {
      "version": "3.2.1",
      "resolved": "https://npm-registry.llsengineer.com/css-what/-/css-what-3.2.1.tgz",
      "integrity": "sha1-9KjxJCEGRiG0VnVeNKA6LCLfXaE="
    },
    "dom-serializer": {
      "version": "0.2.2",
      "resolved": "https://npm-registry.llsengineer.com/dom-serializer/-/dom-serializer-0.2.2.tgz",
      "integrity": "sha1-GvuB9TNxcXXUeGVd68XjMtn5u1E=",
      "requires": {
        "domelementtype": "^2.0.1",
        "entities": "^2.0.0"
      },
      "dependencies": {
        "domelementtype": {
          "version": "2.0.1",
          "resolved": "https://npm-registry.llsengineer.com/domelementtype/-/domelementtype-2.0.1.tgz",
          "integrity": "sha1-H4vf6R9aeAYydOgDtL3O326U+U0="
        }
      }
    },
    "domelementtype": {
      "version": "1.3.1",
      "resolved": "https://npm-registry.llsengineer.com/domelementtype/-/domelementtype-1.3.1.tgz",
      "integrity": "sha1-0EjESzew0Qp/Kj1f7j9DM9eQSB8="
    },
    "domutils": {
      "version": "1.7.0",
      "resolved": "https://npm-registry.llsengineer.com/domutils/-/domutils-1.7.0.tgz",
      "integrity": "sha1-Vuo0HoNOBuZ0ivehyyXaZ+qfjCo=",
      "requires": {
        "dom-serializer": "0",
        "domelementtype": "1"
      }
    },
    "entities": {
      "version": "2.0.0",
      "resolved": "https://npm-registry.llsengineer.com/entities/-/entities-2.0.0.tgz",
      "integrity": "sha1-aNYITKsbB5dnVA2A5Wo5tCPkq/Q="
    },
    "is-arrayish": {
      "version": "0.3.2",
      "resolved": "https://npm-registry.llsengineer.com/is-arrayish/-/is-arrayish-0.3.2.tgz",
      "integrity": "sha1-RXSirlb3qyBolvtDHq7tBm/fjwM="
    },
    "isarray": {
      "version": "0.0.1",
      "resolved": "https://npm-registry.llsengineer.com/isarray/-/isarray-0.0.1.tgz",
      "integrity": "sha1-ihis/Kmo9Bd+Cav8YDiTmwXR7t8="
    },
    "nth-check": {
      "version": "1.0.2",
      "resolved": "https://npm-registry.llsengineer.com/nth-check/-/nth-check-1.0.2.tgz",
      "integrity": "sha1-sr0pXDfj3VijvwcAN2Zjuk2c8Fw=",
      "requires": {
        "boolbase": "~1.0.0"
      }
    },
    "parse-svg-path": {
      "version": "0.1.2",
      "resolved": "https://npm-registry.llsengineer.com/parse-svg-path/-/parse-svg-path-0.1.2.tgz",
      "integrity": "sha1-en7A0esG+lMlx9PgCbhZoJtdSes="
    },
    "point-at-length": {
      "version": "1.1.0",
      "resolved": "https://npm-registry.llsengineer.com/point-at-length/-/point-at-length-1.1.0.tgz",
      "integrity": "sha1-CtcuvQmA1/WhqxIpbAVfnrazDlc=",
      "requires": {
        "abs-svg-path": "~0.1.1",
        "isarray": "~0.0.1",
        "parse-svg-path": "~0.1.1"
      }
    },
    "regenerator-runtime": {
      "version": "0.13.5",
      "resolved": "https://npm-registry.llsengineer.com/regenerator-runtime/-/regenerator-runtime-0.13.5.tgz",
      "integrity": "sha1-2Hih0JS0MG0QuQlkhLM+vVXiZpc="
    },
    "simple-swizzle": {
      "version": "0.2.2",
      "resolved": "https://npm-registry.llsengineer.com/simple-swizzle/-/simple-swizzle-0.2.2.tgz",
      "integrity": "sha1-pNprY1/8zMoz9w0Xy5JZLeleVXo=",
      "requires": {
        "is-arrayish": "^0.3.1"
      }
    },
    "sprite-animator": {
      "version": "1.11.4",
      "resolved": "https://npm-registry.llsengineer.com/sprite-animator/-/sprite-animator-1.11.4.tgz",
      "integrity": "sha1-cniw7JG000JKjreWiJkY6HeMx+Q=",
      "requires": {
        "babel-runtime": "^6.26.0",
        "bezier-easing": "^2.0.3",
        "sprite-timeline": "^1.10.2"
      }
    },
    "sprite-flex-layout": {
      "version": "1.0.7",
      "resolved": "https://npm-registry.llsengineer.com/sprite-flex-layout/-/sprite-flex-layout-1.0.7.tgz",
      "integrity": "sha1-jeYIGpiRyo8IhBJRyr9JNY3Nja8=",
      "requires": {
        "babel-runtime": "^6.26.0"
      }
    },
    "sprite-math": {
      "version": "1.0.5",
      "resolved": "https://npm-registry.llsengineer.com/sprite-math/-/sprite-math-1.0.5.tgz",
      "integrity": "sha1-A9y4thsLqYxVE0l0SHoQ9GBTOc0=",
      "requires": {
        "babel-runtime": "^6.26.0"
      }
    },
    "sprite-timeline": {
      "version": "1.10.2",
      "resolved": "https://npm-registry.llsengineer.com/sprite-timeline/-/sprite-timeline-1.10.2.tgz",
      "integrity": "sha1-IPsBKwAmI/6O9fPxblpdE2TAedA=",
      "requires": {
        "babel-runtime": "^6.26.0"
      }
    },
    "svg-path-to-canvas": {
      "version": "1.11.3",
      "resolved": "https://npm-registry.llsengineer.com/svg-path-to-canvas/-/svg-path-to-canvas-1.11.3.tgz",
      "integrity": "sha1-UYC9F3+NH2aGHxJ0c1H9KMf/zAM=",
      "requires": {
        "babel-runtime": "^6.26.0",
        "point-at-length": "^1.1.0",
        "sprite-math": "^1.0.5"
      }
    }
  }
}
